// !$*UTF8*$!
{
	archiveVersion = 1;
	classes = {
	};
	objectVersion = 46;
	objects = {

/* Begin PBXBuildFile section */
		798F6B2C14DFA87700AC0002 /* UIKit.framework in Frameworks */ = {isa = PBXBuildFile; fileRef = 798F6B2B14DFA87700AC0002 /* UIKit.framework */; };
		798F6B2E14DFA87700AC0002 /* Foundation.framework in Frameworks */ = {isa = PBXBuildFile; fileRef = 798F6B2D14DFA87700AC0002 /* Foundation.framework */; };
		798F6B3014DFA87700AC0002 /* CoreGraphics.framework in Frameworks */ = {isa = PBXBuildFile; fileRef = 798F6B2F14DFA87700AC0002 /* CoreGraphics.framework */; };
		798F6B3614DFA87700AC0002 /* InfoPlist.strings in Resources */ = {isa = PBXBuildFile; fileRef = 798F6B3414DFA87700AC0002 /* InfoPlist.strings */; };
		798F6B3814DFA87700AC0002 /* main.m in Sources */ = {isa = PBXBuildFile; fileRef = 798F6B3714DFA87700AC0002 /* main.m */; };
		798F6B3C14DFA87700AC0002 /* CIMWebServiceAppAppDelegate.m in Sources */ = {isa = PBXBuildFile; fileRef = 798F6B3B14DFA87700AC0002 /* CIMWebServiceAppAppDelegate.m */; };
		798F6B3F14DFA87700AC0002 /* MainWindow.xib in Resources */ = {isa = PBXBuildFile; fileRef = 798F6B3D14DFA87700AC0002 /* MainWindow.xib */; };
		798F6B4214DFA87700AC0002 /* CIMWebServiceAppViewController.m in Sources */ = {isa = PBXBuildFile; fileRef = 798F6B4114DFA87700AC0002 /* CIMWebServiceAppViewController.m */; };
		798F6B4514DFA87700AC0002 /* CIMWebServiceAppViewController.xib in Resources */ = {isa = PBXBuildFile; fileRef = 798F6B4314DFA87700AC0002 /* CIMWebServiceAppViewController.xib */; };
/* End PBXBuildFile section */

/* Begin PBXFileReference section */
		798F6B2714DFA87700AC0002 /* CIMWebServiceApp.app */ = {isa = PBXFileReference; explicitFileType = wrapper.application; includeInIndex = 0; path = CIMWebServiceApp.app; sourceTree = BUILT_PRODUCTS_DIR; };
		798F6B2B14DFA87700AC0002 /* UIKit.framework */ = {isa = PBXFileReference; lastKnownFileType = wrapper.framework; name = UIKit.framework; path = System/Library/Frameworks/UIKit.framework; sourceTree = SDKROOT; };
		798F6B2D14DFA87700AC0002 /* Foundation.framework */ = {isa = PBXFileReference; lastKnownFileType = wrapper.framework; name = Foundation.framework; path = System/Library/Frameworks/Foundation.framework; sourceTree = SDKROOT; };
		798F6B2F14DFA87700AC0002 /* CoreGraphics.framework */ = {isa = PBXFileReference; lastKnownFileType = wrapper.framework; name = CoreGraphics.framework; path = System/Library/Frameworks/CoreGraphics.framework; sourceTree = SDKROOT; };
		798F6B3314DFA87700AC0002 /* CIMWebServiceApp-Info.plist */ = {isa = PBXFileReference; lastKnownFileType = text.plist.xml; path = "CIMWebServiceApp-Info.plist"; sourceTree = "<group>"; };
		798F6B3514DFA87700AC0002 /* en */ = {isa = PBXFileReference; lastKnownFileType = text.plist.strings; name = en; path = en.lproj/InfoPlist.strings; sourceTree = "<group>"; };
		798F6B3714DFA87700AC0002 /* main.m */ = {isa = PBXFileReference; lastKnownFileType = sourcecode.c.objc; path = main.m; sourceTree = "<group>"; };
		798F6B3914DFA87700AC0002 /* CIMWebServiceApp-Prefix.pch */ = {isa = PBXFileReference; lastKnownFileType = sourcecode.c.h; path = "CIMWebServiceApp-Prefix.pch"; sourceTree = "<group>"; };
		798F6B3A14DFA87700AC0002 /* CIMWebServiceAppAppDelegate.h */ = {isa = PBXFileReference; lastKnownFileType = sourcecode.c.h; path = CIMWebServiceAppAppDelegate.h; sourceTree = "<group>"; };
		798F6B3B14DFA87700AC0002 /* CIMWebServiceAppAppDelegate.m */ = {isa = PBXFileReference; lastKnownFileType = sourcecode.c.objc; path = CIMWebServiceAppAppDelegate.m; sourceTree = "<group>"; };
		798F6B3E14DFA87700AC0002 /* en */ = {isa = PBXFileReference; lastKnownFileType = file.xib; name = en; path = en.lproj/MainWindow.xib; sourceTree = "<group>"; };
		798F6B4014DFA87700AC0002 /* CIMWebServiceAppViewController.h */ = {isa = PBXFileReference; lastKnownFileType = sourcecode.c.h; path = CIMWebServiceAppViewController.h; sourceTree = "<group>"; };
		798F6B4114DFA87700AC0002 /* CIMWebServiceAppViewController.m */ = {isa = PBXFileReference; lastKnownFileType = sourcecode.c.objc; path = CIMWebServiceAppViewController.m; sourceTree = "<group>"; };
		798F6B4414DFA87700AC0002 /* en */ = {isa = PBXFileReference; lastKnownFileType = file.xib; name = en; path = en.lproj/CIMWebServiceAppViewController.xib; sourceTree = "<group>"; };
/* End PBXFileReference section */

/* Begin PBXFrameworksBuildPhase section */
		798F6B2414DFA87700AC0002 /* Frameworks */ = {
			isa = PBXFrameworksBuildPhase;
			buildActionMask = 2147483647;
			files = (
				798F6B2C14DFA87700AC0002 /* UIKit.framework in Frameworks */,
				798F6B2E14DFA87700AC0002 /* Foundation.framework in Frameworks */,
				798F6B3014DFA87700AC0002 /* CoreGraphics.framework in Frameworks */,
			);
			runOnlyForDeploymentPostprocessing = 0;
		};
/* End PBXFrameworksBuildPhase section */

/* Begin PBXGroup section */
		798F6B1C14DFA87700AC0002 = {
			isa = PBXGroup;
			children = (
				798F6B3114DFA87700AC0002 /* CIMWebServiceApp */,
				798F6B2A14DFA87700AC0002 /* Frameworks */,
				798F6B2814DFA87700AC0002 /* Products */,
			);
			sourceTree = "<group>";
		};
		798F6B2814DFA87700AC0002 /* Products */ = {
			isa = PBXGroup;
			children = (
				798F6B2714DFA87700AC0002 /* CIMWebServiceApp.app */,
			);
			name = Products;
			sourceTree = "<group>";
		};
		798F6B2A14DFA87700AC0002 /* Frameworks */ = {
			isa = PBXGroup;
			children = (
				798F6B2B14DFA87700AC0002 /* UIKit.framework */,
				798F6B2D14DFA87700AC0002 /* Foundation.framework */,
				798F6B2F14DFA87700AC0002 /* CoreGraphics.framework */,
			);
			name = Frameworks;
			sourceTree = "<group>";
		};
		798F6B3114DFA87700AC0002 /* CIMWebServiceApp */ = {
			isa = PBXGroup;
			children = (
				798F6B3A14DFA87700AC0002 /* CIMWebServiceAppAppDelegate.h */,
				798F6B3B14DFA87700AC0002 /* CIMWebServiceAppAppDelegate.m */,
				798F6B3D14DFA87700AC0002 /* MainWindow.xib */,
				798F6B4014DFA87700AC0002 /* CIMWebServiceAppViewController.h */,
				798F6B4114DFA87700AC0002 /* CIMWebServiceAppViewController.m */,
				798F6B4314DFA87700AC0002 /* CIMWebServiceAppViewController.xib */,
				798F6B3214DFA87700AC0002 /* Supporting Files */,
			);
			path = CIMWebServiceApp;
			sourceTree = "<group>";
		};
		798F6B3214DFA87700AC0002 /* Supporting Files */ = {
			isa = PBXGroup;
			children = (
				798F6B3314DFA87700AC0002 /* CIMWebServiceApp-Info.plist */,
				798F6B3414DFA87700AC0002 /* InfoPlist.strings */,
				798F6B3714DFA87700AC0002 /* main.m */,
				798F6B3914DFA87700AC0002 /* CIMWebServiceApp-Prefix.pch */,
			);
			name = "Supporting Files";
			sourceTree = "<group>";
		};
/* End PBXGroup section */

/* Begin PBXNativeTarget section */
		798F6B2614DFA87700AC0002 /* CIMWebServiceApp */ = {
			isa = PBXNativeTarget;
			buildConfigurationList = 798F6B4814DFA87700AC0002 /* Build configuration list for PBXNativeTarget "CIMWebServiceApp" */;
			buildPhases = (
				798F6B2314DFA87700AC0002 /* Sources */,
				798F6B2414DFA87700AC0002 /* Frameworks */,
				798F6B2514DFA87700AC0002 /* Resources */,
			);
			buildRules = (
			);
			dependencies = (
			);
			name = CIMWebServiceApp;
			productName = CIMWebServiceApp;
			productReference = 798F6B2714DFA87700AC0002 /* CIMWebServiceApp.app */;
			productType = "com.apple.product-type.application";
		};
/* End PBXNativeTarget section */

/* Begin PBXProject section */
		798F6B1E14DFA87700AC0002 /* Project object */ = {
			isa = PBXProject;
			buildConfigurationList = 798F6B2114DFA87700AC0002 /* Build configuration list for PBXProject "CIMWebServiceApp" */;
			compatibilityVersion = "Xcode 3.2";
			developmentRegion = English;
			hasScannedForEncodings = 0;
			knownRegions = (
				en,
			);
			mainGroup = 798F6B1C14DFA87700AC0002;
			productRefGroup = 798F6B2814DFA87700AC0002 /* Products */;
			projectDirPath = "";
			projectRoot = "";
			targets = (
				798F6B2614DFA87700AC0002 /* CIMWebServiceApp */,
			);
		};
/* End PBXProject section */

/* Begin PBXResourcesBuildPhase section */
		798F6B2514DFA87700AC0002 /* Resources */ = {
			isa = PBXResourcesBuildPhase;
			buildActionMask = 2147483647;
			files = (
				798F6B3614DFA87700AC0002 /* InfoPlist.strings in Resources */,
				798F6B3F14DFA87700AC0002 /* MainWindow.xib in Resources */,
				798F6B4514DFA87700AC0002 /* CIMWebServiceAppViewController.xib in Resources */,
			);
			runOnlyForDeploymentPostprocessing = 0;
		};
/* End PBXResourcesBuildPhase section */

/* Begin PBXSourcesBuildPhase section */
		798F6B2314DFA87700AC0002 /* Sources */ = {
			isa = PBXSourcesBuildPhase;
			buildActionMask = 2147483647;
			files = (
				798F6B3814DFA87700AC0002 /* main.m in Sources */,
				798F6B3C14DFA87700AC0002 /* CIMWebServiceAppAppDelegate.m in Sources */,
				798F6B4214DFA87700AC0002 /* CIMWebServiceAppViewController.m in Sources */,
			);
			runOnlyForDeploymentPostprocessing = 0;
		};
/* End PBXSourcesBuildPhase section */

/* Begin PBXVariantGroup section */
		798F6B3414DFA87700AC0002 /* InfoPlist.strings */ = {
			isa = PBXVariantGroup;
			children = (
				798F6B3514DFA87700AC0002 /* en */,
			);
			name = InfoPlist.strings;
			sourceTree = "<group>";
		};
		798F6B3D14DFA87700AC0002 /* MainWindow.xib */ = {
			isa = PBXVariantGroup;
			children = (
				798F6B3E14DFA87700AC0002 /* en */,
			);
			name = MainWindow.xib;
			sourceTree = "<group>";
		};
		798F6B4314DFA87700AC0002 /* CIMWebServiceAppViewController.xib */ = {
			isa = PBXVariantGroup;
			children = (
				798F6B4414DFA87700AC0002 /* en */,
			);
			name = CIMWebServiceAppViewController.xib;
			sourceTree = "<group>";
		};
/* End PBXVariantGroup section */

/* Begin XCBuildConfiguration section */
		798F6B4614DFA87700AC0002 /* Debug */ = {
			isa = XCBuildConfiguration;
			buildSettings = {
				ALWAYS_SEARCH_USER_PATHS = NO;
				ARCHS = "$(ARCHS_STANDARD_32_BIT)";
				"CODE_SIGN_IDENTITY[sdk=iphoneos*]" = "iPhone Developer";
				COPY_PHASE_STRIP = NO;
				GCC_C_LANGUAGE_STANDARD = gnu99;
				GCC_DYNAMIC_NO_PIC = NO;
				GCC_OPTIMIZATION_LEVEL = 0;
				GCC_PREPROCESSOR_DEFINITIONS = (
					"DEBUG=1",
					"$(inherited)",
				);
				GCC_SYMBOLS_PRIVATE_EXTERN = NO;
				GCC_VERSION = com.apple.compilers.llvmgcc42;
				GCC_WARN_ABOUT_MISSING_PROTOTYPES = YES;
				GCC_WARN_ABOUT_RETURN_TYPE = YES;
				GCC_WARN_UNUSED_VARIABLE = YES;
				IPHONEOS_DEPLOYMENT_TARGET = 4.3;
				SDKROOT = iphoneos;
			};
			name = Debug;
		};
		798F6B4714DFA87700AC0002 /* Release */ = {
			isa = XCBuildConfiguration;
			buildSettings = {
				ALWAYS_SEARCH_USER_PATHS = NO;
				ARCHS = "$(ARCHS_STANDARD_32_BIT)";
				"CODE_SIGN_IDENTITY[sdk=iphoneos*]" = "iPhone Developer";
				COPY_PHASE_STRIP = YES;
				GCC_C_LANGUAGE_STANDARD = gnu99;
				GCC_VERSION = com.apple.compilers.llvmgcc42;
				GCC_WARN_ABOUT_MISSING_PROTOTYPES = YES;
				GCC_WARN_ABOUT_RETURN_TYPE = YES;
				GCC_WARN_UNUSED_VARIABLE = YES;
				IPHONEOS_DEPLOYMENT_TARGET = 4.3;
				OTHER_CFLAGS = "-DNS_BLOCK_ASSERTIONS=1";
				SDKROOT = iphoneos;
				VALIDATE_PRODUCT = YES;
			};
			name = Release;
		};
		798F6B4914DFA87700AC0002 /* Debug */ = {
			isa = XCBuildConfiguration;
			buildSettings = {
				GCC_PRECOMPILE_PREFIX_HEADER = YES;
				GCC_PREFIX_HEADER = "CIMWebServiceApp/CIMWebServiceApp-Prefix.pch";
				INFOPLIST_FILE = "CIMWebServiceApp/CIMWebServiceApp-Info.plist";
				PRODUCT_NAME = "$(TARGET_NAME)";
				WRAPPER_EXTENSION = app;
			};
			name = Debug;
		};
		798F6B4A14DFA87700AC0002 /* Release */ = {
			isa = XCBuildConfiguration;
			buildSettings = {
				GCC_PRECOMPILE_PREFIX_HEADER = YES;
				GCC_PREFIX_HEADER = "CIMWebServiceApp/CIMWebServiceApp-Prefix.pch";
				INFOPLIST_FILE = "CIMWebServiceApp/CIMWebServiceApp-Info.plist";
				PRODUCT_NAME = "$(TARGET_NAME)";
				WRAPPER_EXTENSION = app;
			};
			name = Release;
		};
/* End XCBuildConfiguration section */

/* Begin XCConfigurationList section */
		798F6B2114DFA87700AC0002 /* Build configuration list for PBXProject "CIMWebServiceApp" */ = {
			isa = XCConfigurationList;
			buildConfigurations = (
				798F6B4614DFA87700AC0002 /* Debug */,
				798F6B4714DFA87700AC0002 /* Release */,
			);
			defaultConfigurationIsVisible = 0;
			defaultConfigurationName = Release;
		};
		798F6B4814DFA87700AC0002 /* Build configuration list for PBXNativeTarget "CIMWebServiceApp" */ = {
			isa = XCConfigurationList;
			buildConfigurations = (
				798F6B4914DFA87700AC0002 /* Debug */,
				798F6B4A14DFA87700AC0002 /* Release */,
			);
			defaultConfigurationIsVisible = 0;
		};
/* End XCConfigurationList section */
	};
	rootObject = 798F6B1E14DFA87700AC0002 /* Project object */;
}
